
Microsoft Visual Studio Solution File, Format Version 12.00
# Visual Studio Version 17
VisualStudioVersion = 17.9.34622.214
MinimumVisualStudioVersion = 10.0.40219.1
Project("{8BC9CEB8-8B4A-11D0-8D11-00A0C91BC942}") = "Week10_Algos", "Week10_Algos\Week10_Algos.vcxproj", "{9D4E5C15-769A-46E9-B52F-C040FDF059FC}"
EndProject
Global
	GlobalSection(SolutionConfigurationPlatforms) = preSolution
		Debug|x64 = Debug|x64
		Debug|x86 = Debug|x86
		Release|x64 = Release|x64
		Release|x86 = Release|x86
	EndGlobalSection
	GlobalSection(ProjectConfigurationPlatforms) = postSolution
		{9D4E5C15-769A-46E9-B52F-C040FDF059FC}.Debug|x64.ActiveCfg = Debug|x64
		{9D4E5C15-769A-46E9-B52F-C040FDF059FC}.Debug|x64.Build.0 = Debug|x64
		{9D4E5C15-769A-46E9-B52F-C040FDF059FC}.Debug|x86.ActiveCfg = Debug|Win32
		{9D4E5C15-769A-46E9-B52F-C040FDF059FC}.Debug|x86.Build.0 = Debug|Win32
		{9D4E5C15-769A-46E9-B52F-C040FDF059FC}.Release|x64.ActiveCfg = Release|x64
		{9D4E5C15-769A-46E9-B52F-C040FDF059FC}.Release|x64.Build.0 = Release|x64
		{9D4E5C15-769A-46E9-B52F-C040FDF059FC}.Release|x86.ActiveCfg = Release|Win32
		{9D4E5C15-769A-46E9-B52F-C040FDF059FC}.Release|x86.Build.0 = Release|Win32
	EndGlobalSection
	GlobalSection(SolutionProperties) = preSolution
		HideSolutionNode = FALSE
	EndGlobalSection
	GlobalSection(ExtensibilityGlobals) = postSolution
		SolutionGuid = {7BBF7DB0-BB99-4776-B1E0-21D591836260}
	EndGlobalSection
EndGlobal
